
Microsoft Visual Studio Solution File, Format Version 12.00
# Visual Studio Version 17
VisualStudioVersion = 17.12.35514.174 d17.12
MinimumVisualStudioVersion = 10.0.40219.1
Project("{FAE04EC0-301F-11D3-BF4B-00C04F79EFBC}") = "SiloVisionX.API", "SiloVisionX.API\SiloVisionX.API.csproj", "{3C5EF0C9-777E-4933-824A-70E07BCF9805}"
EndProject
Project("{FAE04EC0-301F-11D3-BF4B-00C04F79EFBC}") = "SiloVisionX.Domain", "SiloVisionX.Domain\SiloVisionX.Domain.csproj", "{93A9B3AB-7153-4CA6-99EA-7C6627A7C18F}"
EndProject
Project("{FAE04EC0-301F-11D3-BF4B-00C04F79EFBC}") = "SiloVisionX.Infra", "SiloVisionX.Infra\SiloVisionX.Infra.csproj", "{AADDE27E-B332-4054-9A3E-DAF26478BB58}"
EndProject
Project("{FAE04EC0-301F-11D3-BF4B-00C04F79EFBC}") = "SiloVisionX.Application", "SiloVisionX.Application\SiloVisionX.Application.csproj", "{588FE987-B274-438B-A16D-59DBAC8F9527}"
EndProject
Global
	GlobalSection(SolutionConfigurationPlatforms) = preSolution
		Debug|Any CPU = Debug|Any CPU
		Release|Any CPU = Release|Any CPU
	EndGlobalSection
	GlobalSection(ProjectConfigurationPlatforms) = postSolution
		{3C5EF0C9-777E-4933-824A-70E07BCF9805}.Debug|Any CPU.ActiveCfg = Debug|Any CPU
		{3C5EF0C9-777E-4933-824A-70E07BCF9805}.Debug|Any CPU.Build.0 = Debug|Any CPU
		{3C5EF0C9-777E-4933-824A-70E07BCF9805}.Release|Any CPU.ActiveCfg = Release|Any CPU
		{3C5EF0C9-777E-4933-824A-70E07BCF9805}.Release|Any CPU.Build.0 = Release|Any CPU
		{93A9B3AB-7153-4CA6-99EA-7C6627A7C18F}.Debug|Any CPU.ActiveCfg = Debug|Any CPU
		{93A9B3AB-7153-4CA6-99EA-7C6627A7C18F}.Debug|Any CPU.Build.0 = Debug|Any CPU
		{93A9B3AB-7153-4CA6-99EA-7C6627A7C18F}.Release|Any CPU.ActiveCfg = Release|Any CPU
		{93A9B3AB-7153-4CA6-99EA-7C6627A7C18F}.Release|Any CPU.Build.0 = Release|Any CPU
		{AADDE27E-B332-4054-9A3E-DAF26478BB58}.Debug|Any CPU.ActiveCfg = Debug|Any CPU
		{AADDE27E-B332-4054-9A3E-DAF26478BB58}.Debug|Any CPU.Build.0 = Debug|Any CPU
		{AADDE27E-B332-4054-9A3E-DAF26478BB58}.Release|Any CPU.ActiveCfg = Release|Any CPU
		{AADDE27E-B332-4054-9A3E-DAF26478BB58}.Release|Any CPU.Build.0 = Release|Any CPU
		{588FE987-B274-438B-A16D-59DBAC8F9527}.Debug|Any CPU.ActiveCfg = Debug|Any CPU
		{588FE987-B274-438B-A16D-59DBAC8F9527}.Debug|Any CPU.Build.0 = Debug|Any CPU
		{588FE987-B274-438B-A16D-59DBAC8F9527}.Release|Any CPU.ActiveCfg = Release|Any CPU
		{588FE987-B274-438B-A16D-59DBAC8F9527}.Release|Any CPU.Build.0 = Release|Any CPU
	EndGlobalSection
	GlobalSection(SolutionProperties) = preSolution
		HideSolutionNode = FALSE
	EndGlobalSection
EndGlobal
